
Microsoft Visual Studio Solution File, Format Version 12.00
# Visual Studio Version 17
VisualStudioVersion = 17.8.34330.188
MinimumVisualStudioVersion = 10.0.40219.1
Project("{FAE04EC0-301F-11D3-BF4B-00C04F79EFBC}") = "DapperCV.Entities", "DapperCV.Entities\DapperCV.Entities.csproj", "{8395F8F5-96EC-4A4F-95F2-28A1C5A035DD}"
EndProject
Project("{FAE04EC0-301F-11D3-BF4B-00C04F79EFBC}") = "DapperCV.DataAccess", "DapperCV.DataAccess\DapperCV.DataAccess.csproj", "{F7E0CBB4-2465-444E-911C-48EB3CD51274}"
EndProject
Project("{FAE04EC0-301F-11D3-BF4B-00C04F79EFBC}") = "DapperCV.DTOS", "DapperCV.DTOS\DapperCV.DTOS.csproj", "{151F51C2-C6FE-4EA4-974A-3FBF955C3463}"
EndProject
Project("{FAE04EC0-301F-11D3-BF4B-00C04F79EFBC}") = "DapperCV.Business", "DapperCV.Business\DapperCV.Business.csproj", "{25647D14-66D6-4248-A564-34C9EFF7BBAF}"
EndProject
Project("{FAE04EC0-301F-11D3-BF4B-00C04F79EFBC}") = "DapperCV.WebUI", "DapperCV.WebUI\DapperCV.WebUI.csproj", "{DD622A6F-A548-40EF-A8A8-867BF68C98FE}"
EndProject
Global
	GlobalSection(SolutionConfigurationPlatforms) = preSolution
		Debug|Any CPU = Debug|Any CPU
		Release|Any CPU = Release|Any CPU
	EndGlobalSection
	GlobalSection(ProjectConfigurationPlatforms) = postSolution
		{8395F8F5-96EC-4A4F-95F2-28A1C5A035DD}.Debug|Any CPU.ActiveCfg = Debug|Any CPU
		{8395F8F5-96EC-4A4F-95F2-28A1C5A035DD}.Debug|Any CPU.Build.0 = Debug|Any CPU
		{8395F8F5-96EC-4A4F-95F2-28A1C5A035DD}.Release|Any CPU.ActiveCfg = Release|Any CPU
		{8395F8F5-96EC-4A4F-95F2-28A1C5A035DD}.Release|Any CPU.Build.0 = Release|Any CPU
		{F7E0CBB4-2465-444E-911C-48EB3CD51274}.Debug|Any CPU.ActiveCfg = Debug|Any CPU
		{F7E0CBB4-2465-444E-911C-48EB3CD51274}.Debug|Any CPU.Build.0 = Debug|Any CPU
		{F7E0CBB4-2465-444E-911C-48EB3CD51274}.Release|Any CPU.ActiveCfg = Release|Any CPU
		{F7E0CBB4-2465-444E-911C-48EB3CD51274}.Release|Any CPU.Build.0 = Release|Any CPU
		{151F51C2-C6FE-4EA4-974A-3FBF955C3463}.Debug|Any CPU.ActiveCfg = Debug|Any CPU
		{151F51C2-C6FE-4EA4-974A-3FBF955C3463}.Debug|Any CPU.Build.0 = Debug|Any CPU
		{151F51C2-C6FE-4EA4-974A-3FBF955C3463}.Release|Any CPU.ActiveCfg = Release|Any CPU
		{151F51C2-C6FE-4EA4-974A-3FBF955C3463}.Release|Any CPU.Build.0 = Release|Any CPU
		{25647D14-66D6-4248-A564-34C9EFF7BBAF}.Debug|Any CPU.ActiveCfg = Debug|Any CPU
		{25647D14-66D6-4248-A564-34C9EFF7BBAF}.Debug|Any CPU.Build.0 = Debug|Any CPU
		{25647D14-66D6-4248-A564-34C9EFF7BBAF}.Release|Any CPU.ActiveCfg = Release|Any CPU
		{25647D14-66D6-4248-A564-34C9EFF7BBAF}.Release|Any CPU.Build.0 = Release|Any CPU
		{DD622A6F-A548-40EF-A8A8-867BF68C98FE}.Debug|Any CPU.ActiveCfg = Debug|Any CPU
		{DD622A6F-A548-40EF-A8A8-867BF68C98FE}.Debug|Any CPU.Build.0 = Debug|Any CPU
		{DD622A6F-A548-40EF-A8A8-867BF68C98FE}.Release|Any CPU.ActiveCfg = Release|Any CPU
		{DD622A6F-A548-40EF-A8A8-867BF68C98FE}.Release|Any CPU.Build.0 = Release|Any CPU
	EndGlobalSection
	GlobalSection(SolutionProperties) = preSolution
		HideSolutionNode = FALSE
	EndGlobalSection
	GlobalSection(ExtensibilityGlobals) = postSolution
		SolutionGuid = {5AC00A7B-B73F-4E2B-9905-68541196C5DA}
	EndGlobalSection
EndGlobal
